
Microsoft Visual Studio Solution File, Format Version 12.00
# Visual Studio Version 16
VisualStudioVersion = 16.0.31729.503
MinimumVisualStudioVersion = 10.0.40219.1
Project("{8BC9CEB8-8B4A-11D0-8D11-00A0C91BC942}") = "CS352 CUDA", "CS352 CUDA\CS352 CUDA.vcxproj", "{19E6C427-840B-445D-BFAC-E853F2244F2A}"
EndProject
Global
	GlobalSection(SolutionConfigurationPlatforms) = preSolution
		Debug|x64 = Debug|x64
		Release|x64 = Release|x64
	EndGlobalSection
	GlobalSection(ProjectConfigurationPlatforms) = postSolution
		{19E6C427-840B-445D-BFAC-E853F2244F2A}.Debug|x64.ActiveCfg = Debug|x64
		{19E6C427-840B-445D-BFAC-E853F2244F2A}.Debug|x64.Build.0 = Debug|x64
		{19E6C427-840B-445D-BFAC-E853F2244F2A}.Release|x64.ActiveCfg = Release|x64
		{19E6C427-840B-445D-BFAC-E853F2244F2A}.Release|x64.Build.0 = Release|x64
	EndGlobalSection
	GlobalSection(SolutionProperties) = preSolution
		HideSolutionNode = FALSE
	EndGlobalSection
	GlobalSection(ExtensibilityGlobals) = postSolution
		SolutionGuid = {48BDAF71-48D4-4623-86F2-9ADC25FFA639}
	EndGlobalSection
EndGlobal
